// !$*UTF8*$!
{
	archiveVersion = 1;
	classes = {
	};
	objectVersion = 56;
	objects = {

/* Begin PBXBuildFile section */
		6DE6CE6B2C77844E0041D118 /* RegulaDemoFramework.framework in Frameworks */ = {isa = PBXBuildFile; fileRef = 6DE6CE582C77844E0041D118 /* RegulaDemoFramework.framework */; };
		6DE6CE6C2C77844E0041D118 /* RegulaDemoFramework.framework in Embed Frameworks */ = {isa = PBXBuildFile; fileRef = 6DE6CE582C77844E0041D118 /* RegulaDemoFramework.framework */; settings = {ATTRIBUTES = (CodeSignOnCopy, RemoveHeadersOnCopy, ); }; };
		6DE6CE822C7786640041D118 /* DemoViewController.swift in Sources */ = {isa = PBXBuildFile; fileRef = 6DE6CE782C7786640041D118 /* DemoViewController.swift */; };
		6DE6CE852C7786640041D118 /* AppDelegate.swift in Sources */ = {isa = PBXBuildFile; fileRef = 6DE6CE7E2C7786640041D118 /* AppDelegate.swift */; };
		6DE6CE862C7786640041D118 /* Assets.xcassets in Resources */ = {isa = PBXBuildFile; fileRef = 6DE6CE7F2C7786640041D118 /* Assets.xcassets */; };
		6DE6CE8D2C7786A20041D118 /* RegulaDemoModule.swift in Sources */ = {isa = PBXBuildFile; fileRef = 6DE6CE8A2C7786A20041D118 /* RegulaDemoModule.swift */; };
		6DE6CE902C7791DA0041D118 /* ModuleNavigationController.swift in Sources */ = {isa = PBXBuildFile; fileRef = 6DE6CE8F2C7791DA0041D118 /* ModuleNavigationController.swift */; };
		6DE6CE922C7870480041D118 /* LivenessViewController.swift in Sources */ = {isa = PBXBuildFile; fileRef = 6DE6CE912C7870480041D118 /* LivenessViewController.swift */; };
		793B58FEC7437BD61EBDD96D /* Pods_RegulaDemoApp.framework in Frameworks */ = {isa = PBXBuildFile; fileRef = 33F35DF0FF39BB5D2A018EF9 /* Pods_RegulaDemoApp.framework */; };
		EDD600DF1B273DF6158C2B5E /* Pods_RegulaDemoFramework.framework in Frameworks */ = {isa = PBXBuildFile; fileRef = 701C0A49DB2DD632E643DE1F /* Pods_RegulaDemoFramework.framework */; };
/* End PBXBuildFile section */

/* Begin PBXContainerItemProxy section */
		6DE6CE692C77844E0041D118 /* PBXContainerItemProxy */ = {
			isa = PBXContainerItemProxy;
			containerPortal = 6DE6CDC92C7781630041D118 /* Project object */;
			proxyType = 1;
			remoteGlobalIDString = 6DE6CE572C77844E0041D118;
			remoteInfo = RegulaDemoFramework;
		};
/* End PBXContainerItemProxy section */

/* Begin PBXCopyFilesBuildPhase section */
		6DE6CE6D2C77844E0041D118 /* Embed Frameworks */ = {
			isa = PBXCopyFilesBuildPhase;
			buildActionMask = 2147483647;
			dstPath = "";
			dstSubfolderSpec = 10;
			files = (
				6DE6CE6C2C77844E0041D118 /* RegulaDemoFramework.framework in Embed Frameworks */,
			);
			name = "Embed Frameworks";
			runOnlyForDeploymentPostprocessing = 0;
		};
/* End PBXCopyFilesBuildPhase section */

/* Begin PBXFileReference section */
		33F35DF0FF39BB5D2A018EF9 /* Pods_RegulaDemoApp.framework */ = {isa = PBXFileReference; explicitFileType = wrapper.framework; includeInIndex = 0; path = Pods_RegulaDemoApp.framework; sourceTree = BUILT_PRODUCTS_DIR; };
		3F12851CAECAB20F1CB82C0D /* Pods-RegulaDemoApp.debug.xcconfig */ = {isa = PBXFileReference; includeInIndex = 1; lastKnownFileType = text.xcconfig; name = "Pods-RegulaDemoApp.debug.xcconfig"; path = "Target Support Files/Pods-RegulaDemoApp/Pods-RegulaDemoApp.debug.xcconfig"; sourceTree = "<group>"; };
		6DE6CDD12C7781630041D118 /* RegulaDemoApp.app */ = {isa = PBXFileReference; explicitFileType = wrapper.application; includeInIndex = 0; path = RegulaDemoApp.app; sourceTree = BUILT_PRODUCTS_DIR; };
		6DE6CDE02C7781640041D118 /* Base */ = {isa = PBXFileReference; lastKnownFileType = file.storyboard; name = Base; path = Base.lproj/LaunchScreen.storyboard; sourceTree = "<group>"; };
		6DE6CE582C77844E0041D118 /* RegulaDemoFramework.framework */ = {isa = PBXFileReference; explicitFileType = wrapper.framework; includeInIndex = 0; path = RegulaDemoFramework.framework; sourceTree = BUILT_PRODUCTS_DIR; };
		6DE6CE762C7786640041D118 /* Info.plist */ = {isa = PBXFileReference; fileEncoding = 4; lastKnownFileType = text.plist.xml; name = Info.plist; path = RegulaDemoApp/Info.plist; sourceTree = "<group>"; };
		6DE6CE782C7786640041D118 /* DemoViewController.swift */ = {isa = PBXFileReference; fileEncoding = 4; lastKnownFileType = sourcecode.swift; name = DemoViewController.swift; path = RegulaDemoApp/DemoViewController.swift; sourceTree = "<group>"; };
		6DE6CE7E2C7786640041D118 /* AppDelegate.swift */ = {isa = PBXFileReference; fileEncoding = 4; lastKnownFileType = sourcecode.swift; name = AppDelegate.swift; path = RegulaDemoApp/AppDelegate.swift; sourceTree = "<group>"; };
		6DE6CE7F2C7786640041D118 /* Assets.xcassets */ = {isa = PBXFileReference; lastKnownFileType = folder.assetcatalog; name = Assets.xcassets; path = RegulaDemoApp/Assets.xcassets; sourceTree = "<group>"; };
		6DE6CE892C7786A20041D118 /* RegulaDemoFramework.h */ = {isa = PBXFileReference; fileEncoding = 4; lastKnownFileType = sourcecode.c.h; path = RegulaDemoFramework.h; sourceTree = "<group>"; };
		6DE6CE8A2C7786A20041D118 /* RegulaDemoModule.swift */ = {isa = PBXFileReference; fileEncoding = 4; lastKnownFileType = sourcecode.swift; path = RegulaDemoModule.swift; sourceTree = "<group>"; };
		6DE6CE8F2C7791DA0041D118 /* ModuleNavigationController.swift */ = {isa = PBXFileReference; lastKnownFileType = sourcecode.swift; path = ModuleNavigationController.swift; sourceTree = "<group>"; };
		6DE6CE912C7870480041D118 /* LivenessViewController.swift */ = {isa = PBXFileReference; lastKnownFileType = sourcecode.swift; path = LivenessViewController.swift; sourceTree = "<group>"; };
		6DE6CE952C7875D80041D118 /* Info.plist */ = {isa = PBXFileReference; fileEncoding = 4; lastKnownFileType = text.plist.xml; path = Info.plist; sourceTree = "<group>"; };
		701C0A49DB2DD632E643DE1F /* Pods_RegulaDemoFramework.framework */ = {isa = PBXFileReference; explicitFileType = wrapper.framework; includeInIndex = 0; path = Pods_RegulaDemoFramework.framework; sourceTree = BUILT_PRODUCTS_DIR; };
		8F10690835A97C401C075F8B /* Pods-RegulaDemoFramework.debug.xcconfig */ = {isa = PBXFileReference; includeInIndex = 1; lastKnownFileType = text.xcconfig; name = "Pods-RegulaDemoFramework.debug.xcconfig"; path = "Target Support Files/Pods-RegulaDemoFramework/Pods-RegulaDemoFramework.debug.xcconfig"; sourceTree = "<group>"; };
		A156A212873C4307A19F0622 /* Pods-RegulaDemoFramework.release.xcconfig */ = {isa = PBXFileReference; includeInIndex = 1; lastKnownFileType = text.xcconfig; name = "Pods-RegulaDemoFramework.release.xcconfig"; path = "Target Support Files/Pods-RegulaDemoFramework/Pods-RegulaDemoFramework.release.xcconfig"; sourceTree = "<group>"; };
		F911EFE3E315B5FAD0C2FCAB /* Pods-RegulaDemoApp.release.xcconfig */ = {isa = PBXFileReference; includeInIndex = 1; lastKnownFileType = text.xcconfig; name = "Pods-RegulaDemoApp.release.xcconfig"; path = "Target Support Files/Pods-RegulaDemoApp/Pods-RegulaDemoApp.release.xcconfig"; sourceTree = "<group>"; };
/* End PBXFileReference section */

/* Begin PBXFrameworksBuildPhase section */
		6DE6CDCE2C7781630041D118 /* Frameworks */ = {
			isa = PBXFrameworksBuildPhase;
			buildActionMask = 2147483647;
			files = (
				6DE6CE6B2C77844E0041D118 /* RegulaDemoFramework.framework in Frameworks */,
				793B58FEC7437BD61EBDD96D /* Pods_RegulaDemoApp.framework in Frameworks */,
			);
			runOnlyForDeploymentPostprocessing = 0;
		};
		6DE6CE552C77844E0041D118 /* Frameworks */ = {
			isa = PBXFrameworksBuildPhase;
			buildActionMask = 2147483647;
			files = (
				EDD600DF1B273DF6158C2B5E /* Pods_RegulaDemoFramework.framework in Frameworks */,
			);
			runOnlyForDeploymentPostprocessing = 0;
		};
/* End PBXFrameworksBuildPhase section */

/* Begin PBXGroup section */
		37F56FAECFF3C5ABE874AD34 /* Pods */ = {
			isa = PBXGroup;
			children = (
				3F12851CAECAB20F1CB82C0D /* Pods-RegulaDemoApp.debug.xcconfig */,
				F911EFE3E315B5FAD0C2FCAB /* Pods-RegulaDemoApp.release.xcconfig */,
				8F10690835A97C401C075F8B /* Pods-RegulaDemoFramework.debug.xcconfig */,
				A156A212873C4307A19F0622 /* Pods-RegulaDemoFramework.release.xcconfig */,
			);
			path = Pods;
			sourceTree = "<group>";
		};
		6DE6CDC82C7781630041D118 = {
			isa = PBXGroup;
			children = (
				6DE6CDD32C7781630041D118 /* RegulaDemoApp */,
				6DE6CE8B2C7786A20041D118 /* RegulaDemoFramework */,
				6DE6CDD22C7781630041D118 /* Products */,
				37F56FAECFF3C5ABE874AD34 /* Pods */,
				B7052443571D798197D3F39D /* Frameworks */,
			);
			sourceTree = "<group>";
		};
		6DE6CDD22C7781630041D118 /* Products */ = {
			isa = PBXGroup;
			children = (
				6DE6CDD12C7781630041D118 /* RegulaDemoApp.app */,
				6DE6CE582C77844E0041D118 /* RegulaDemoFramework.framework */,
			);
			name = Products;
			sourceTree = "<group>";
		};
		6DE6CDD32C7781630041D118 /* RegulaDemoApp */ = {
			isa = PBXGroup;
			children = (
				6DE6CE7E2C7786640041D118 /* AppDelegate.swift */,
				6DE6CE7F2C7786640041D118 /* Assets.xcassets */,
				6DE6CE762C7786640041D118 /* Info.plist */,
				6DE6CE782C7786640041D118 /* DemoViewController.swift */,
				6DE6CDDF2C7781640041D118 /* LaunchScreen.storyboard */,
			);
			path = RegulaDemoApp;
			sourceTree = "<group>";
		};
		6DE6CE8B2C7786A20041D118 /* RegulaDemoFramework */ = {
			isa = PBXGroup;
			children = (
				6DE6CE952C7875D80041D118 /* Info.plist */,
				6DE6CE892C7786A20041D118 /* RegulaDemoFramework.h */,
				6DE6CE8A2C7786A20041D118 /* RegulaDemoModule.swift */,
				6DE6CE8F2C7791DA0041D118 /* ModuleNavigationController.swift */,
				6DE6CE912C7870480041D118 /* LivenessViewController.swift */,
			);
			name = RegulaDemoFramework;
			path = RegulaDemoApp/RegulaDemoFramework;
			sourceTree = "<group>";
		};
		B7052443571D798197D3F39D /* Frameworks */ = {
			isa = PBXGroup;
			children = (
				33F35DF0FF39BB5D2A018EF9 /* Pods_RegulaDemoApp.framework */,
				701C0A49DB2DD632E643DE1F /* Pods_RegulaDemoFramework.framework */,
			);
			name = Frameworks;
			sourceTree = "<group>";
		};
/* End PBXGroup section */

/* Begin PBXHeadersBuildPhase section */
		6DE6CE532C77844E0041D118 /* Headers */ = {
			isa = PBXHeadersBuildPhase;
			buildActionMask = 2147483647;
			files = (
			);
			runOnlyForDeploymentPostprocessing = 0;
		};
/* End PBXHeadersBuildPhase section */

/* Begin PBXNativeTarget section */
		6DE6CDD02C7781630041D118 /* RegulaDemoApp */ = {
			isa = PBXNativeTarget;
			buildConfigurationList = 6DE6CDFB2C7781640041D118 /* Build configuration list for PBXNativeTarget "RegulaDemoApp" */;
			buildPhases = (
				51F0346F35264B8485ED1B8B /* [CP] Check Pods Manifest.lock */,
				6DE6CDCD2C7781630041D118 /* Sources */,
				6DE6CDCE2C7781630041D118 /* Frameworks */,
				6DE6CDCF2C7781630041D118 /* Resources */,
				6DE6CE6D2C77844E0041D118 /* Embed Frameworks */,
				9BDB86E212440A268BAE0C4E /* [CP] Embed Pods Frameworks */,
			);
			buildRules = (
			);
			dependencies = (
				6DE6CE6A2C77844E0041D118 /* PBXTargetDependency */,
			);
			name = RegulaDemoApp;
			productName = RegulaDemoApp;
			productReference = 6DE6CDD12C7781630041D118 /* RegulaDemoApp.app */;
			productType = "com.apple.product-type.application";
		};
		6DE6CE572C77844E0041D118 /* RegulaDemoFramework */ = {
			isa = PBXNativeTarget;
			buildConfigurationList = 6DE6CE722C77844E0041D118 /* Build configuration list for PBXNativeTarget "RegulaDemoFramework" */;
			buildPhases = (
				7666E1604506F4D1C54740E0 /* [CP] Check Pods Manifest.lock */,
				6DE6CE532C77844E0041D118 /* Headers */,
				6DE6CE542C77844E0041D118 /* Sources */,
				6DE6CE552C77844E0041D118 /* Frameworks */,
				6DE6CE562C77844E0041D118 /* Resources */,
			);
			buildRules = (
			);
			dependencies = (
			);
			name = RegulaDemoFramework;
			productName = RegulaDemoFramework;
			productReference = 6DE6CE582C77844E0041D118 /* RegulaDemoFramework.framework */;
			productType = "com.apple.product-type.framework";
		};
/* End PBXNativeTarget section */

/* Begin PBXProject section */
		6DE6CDC92C7781630041D118 /* Project object */ = {
			isa = PBXProject;
			attributes = {
				BuildIndependentTargetsInParallel = 1;
				LastSwiftUpdateCheck = 1540;
				LastUpgradeCheck = 1540;
				TargetAttributes = {
					6DE6CDD02C7781630041D118 = {
						CreatedOnToolsVersion = 15.4;
					};
					6DE6CE572C77844E0041D118 = {
						CreatedOnToolsVersion = 15.4;
						LastSwiftMigration = 1540;
					};
				};
			};
			buildConfigurationList = 6DE6CDCC2C7781630041D118 /* Build configuration list for PBXProject "RegulaDemoApp" */;
			compatibilityVersion = "Xcode 14.0";
			developmentRegion = en;
			hasScannedForEncodings = 0;
			knownRegions = (
				en,
				Base,
			);
			mainGroup = 6DE6CDC82C7781630041D118;
			productRefGroup = 6DE6CDD22C7781630041D118 /* Products */;
			projectDirPath = "";
			projectRoot = "";
			targets = (
				6DE6CDD02C7781630041D118 /* RegulaDemoApp */,
				6DE6CE572C77844E0041D118 /* RegulaDemoFramework */,
			);
		};
/* End PBXProject section */

/* Begin PBXResourcesBuildPhase section */
		6DE6CDCF2C7781630041D118 /* Resources */ = {
			isa = PBXResourcesBuildPhase;
			buildActionMask = 2147483647;
			files = (
				6DE6CE862C7786640041D118 /* Assets.xcassets in Resources */,
			);
			runOnlyForDeploymentPostprocessing = 0;
		};
		6DE6CE562C77844E0041D118 /* Resources */ = {
			isa = PBXResourcesBuildPhase;
			buildActionMask = 2147483647;
			files = (
			);
			runOnlyForDeploymentPostprocessing = 0;
		};
/* End PBXResourcesBuildPhase section */

/* Begin PBXShellScriptBuildPhase section */
		51F0346F35264B8485ED1B8B /* [CP] Check Pods Manifest.lock */ = {
			isa = PBXShellScriptBuildPhase;
			buildActionMask = 2147483647;
			files = (
			);
			inputFileListPaths = (
			);
			inputPaths = (
				"${PODS_PODFILE_DIR_PATH}/Podfile.lock",
				"${PODS_ROOT}/Manifest.lock",
			);
			name = "[CP] Check Pods Manifest.lock";
			outputFileListPaths = (
			);
			outputPaths = (
				"$(DERIVED_FILE_DIR)/Pods-RegulaDemoApp-checkManifestLockResult.txt",
			);
			runOnlyForDeploymentPostprocessing = 0;
			shellPath = /bin/sh;
			shellScript = "diff \"${PODS_PODFILE_DIR_PATH}/Podfile.lock\" \"${PODS_ROOT}/Manifest.lock\" > /dev/null\nif [ $? != 0 ] ; then\n    # print error to STDERR\n    echo \"error: The sandbox is not in sync with the Podfile.lock. Run 'pod install' or update your CocoaPods installation.\" >&2\n    exit 1\nfi\n# This output is used by Xcode 'outputs' to avoid re-running this script phase.\necho \"SUCCESS\" > \"${SCRIPT_OUTPUT_FILE_0}\"\n";
			showEnvVarsInLog = 0;
		};
		7666E1604506F4D1C54740E0 /* [CP] Check Pods Manifest.lock */ = {
			isa = PBXShellScriptBuildPhase;
			buildActionMask = 2147483647;
			files = (
			);
			inputFileListPaths = (
			);
			inputPaths = (
				"${PODS_PODFILE_DIR_PATH}/Podfile.lock",
				"${PODS_ROOT}/Manifest.lock",
			);
			name = "[CP] Check Pods Manifest.lock";
			outputFileListPaths = (
			);
			outputPaths = (
				"$(DERIVED_FILE_DIR)/Pods-RegulaDemoFramework-checkManifestLockResult.txt",
			);
			runOnlyForDeploymentPostprocessing = 0;
			shellPath = /bin/sh;
			shellScript = "diff \"${PODS_PODFILE_DIR_PATH}/Podfile.lock\" \"${PODS_ROOT}/Manifest.lock\" > /dev/null\nif [ $? != 0 ] ; then\n    # print error to STDERR\n    echo \"error: The sandbox is not in sync with the Podfile.lock. Run 'pod install' or update your CocoaPods installation.\" >&2\n    exit 1\nfi\n# This output is used by Xcode 'outputs' to avoid re-running this script phase.\necho \"SUCCESS\" > \"${SCRIPT_OUTPUT_FILE_0}\"\n";
			showEnvVarsInLog = 0;
		};
		9BDB86E212440A268BAE0C4E /* [CP] Embed Pods Frameworks */ = {
			isa = PBXShellScriptBuildPhase;
			buildActionMask = 2147483647;
			files = (
			);
			inputFileListPaths = (
				"${PODS_ROOT}/Target Support Files/Pods-RegulaDemoApp/Pods-RegulaDemoApp-frameworks-${CONFIGURATION}-input-files.xcfilelist",
			);
			name = "[CP] Embed Pods Frameworks";
			outputFileListPaths = (
				"${PODS_ROOT}/Target Support Files/Pods-RegulaDemoApp/Pods-RegulaDemoApp-frameworks-${CONFIGURATION}-output-files.xcfilelist",
			);
			runOnlyForDeploymentPostprocessing = 0;
			shellPath = /bin/sh;
			shellScript = "\"${PODS_ROOT}/Target Support Files/Pods-RegulaDemoApp/Pods-RegulaDemoApp-frameworks.sh\"\n";
			showEnvVarsInLog = 0;
		};
/* End PBXShellScriptBuildPhase section */

/* Begin PBXSourcesBuildPhase section */
		6DE6CDCD2C7781630041D118 /* Sources */ = {
			isa = PBXSourcesBuildPhase;
			buildActionMask = 2147483647;
			files = (
				6DE6CE8D2C7786A20041D118 /* RegulaDemoModule.swift in Sources */,
				6DE6CE922C7870480041D118 /* LivenessViewController.swift in Sources */,
				6DE6CE852C7786640041D118 /* AppDelegate.swift in Sources */,
				6DE6CE902C7791DA0041D118 /* ModuleNavigationController.swift in Sources */,
				6DE6CE822C7786640041D118 /* DemoViewController.swift in Sources */,
			);
			runOnlyForDeploymentPostprocessing = 0;
		};
		6DE6CE542C77844E0041D118 /* Sources */ = {
			isa = PBXSourcesBuildPhase;
			buildActionMask = 2147483647;
			files = (
			);
			runOnlyForDeploymentPostprocessing = 0;
		};
/* End PBXSourcesBuildPhase section */

/* Begin PBXTargetDependency section */
		6DE6CE6A2C77844E0041D118 /* PBXTargetDependency */ = {
			isa = PBXTargetDependency;
			target = 6DE6CE572C77844E0041D118 /* RegulaDemoFramework */;
			targetProxy = 6DE6CE692C77844E0041D118 /* PBXContainerItemProxy */;
		};
/* End PBXTargetDependency section */

/* Begin PBXVariantGroup section */
		6DE6CDDF2C7781640041D118 /* LaunchScreen.storyboard */ = {
			isa = PBXVariantGroup;
			children = (
				6DE6CDE02C7781640041D118 /* Base */,
			);
			name = LaunchScreen.storyboard;
			sourceTree = "<group>";
		};
/* End PBXVariantGroup section */

/* Begin XCBuildConfiguration section */
		6DE6CDF92C7781640041D118 /* Debug */ = {
			isa = XCBuildConfiguration;
			buildSettings = {
				ALWAYS_SEARCH_USER_PATHS = NO;
				ASSETCATALOG_COMPILER_GENERATE_SWIFT_ASSET_SYMBOL_EXTENSIONS = YES;
				CLANG_ANALYZER_NONNULL = YES;
				CLANG_ANALYZER_NUMBER_OBJECT_CONVERSION = YES_AGGRESSIVE;
				CLANG_CXX_LANGUAGE_STANDARD = "gnu++20";
				CLANG_ENABLE_MODULES = YES;
				CLANG_ENABLE_OBJC_ARC = YES;
				CLANG_ENABLE_OBJC_WEAK = YES;
				CLANG_WARN_BLOCK_CAPTURE_AUTORELEASING = YES;
				CLANG_WARN_BOOL_CONVERSION = YES;
				CLANG_WARN_COMMA = YES;
				CLANG_WARN_CONSTANT_CONVERSION = YES;
				CLANG_WARN_DEPRECATED_OBJC_IMPLEMENTATIONS = YES;
				CLANG_WARN_DIRECT_OBJC_ISA_USAGE = YES_ERROR;
				CLANG_WARN_DOCUMENTATION_COMMENTS = YES;
				CLANG_WARN_EMPTY_BODY = YES;
				CLANG_WARN_ENUM_CONVERSION = YES;
				CLANG_WARN_INFINITE_RECURSION = YES;
				CLANG_WARN_INT_CONVERSION = YES;
				CLANG_WARN_NON_LITERAL_NULL_CONVERSION = YES;
				CLANG_WARN_OBJC_IMPLICIT_RETAIN_SELF = YES;
				CLANG_WARN_OBJC_LITERAL_CONVERSION = YES;
				CLANG_WARN_OBJC_ROOT_CLASS = YES_ERROR;
				CLANG_WARN_QUOTED_INCLUDE_IN_FRAMEWORK_HEADER = YES;
				CLANG_WARN_RANGE_LOOP_ANALYSIS = YES;
				CLANG_WARN_STRICT_PROTOTYPES = YES;
				CLANG_WARN_SUSPICIOUS_MOVE = YES;
				CLANG_WARN_UNGUARDED_AVAILABILITY = YES_AGGRESSIVE;
				CLANG_WARN_UNREACHABLE_CODE = YES;
				CLANG_WARN__DUPLICATE_METHOD_MATCH = YES;
				COPY_PHASE_STRIP = NO;
				DEBUG_INFORMATION_FORMAT = dwarf;
				ENABLE_STRICT_OBJC_MSGSEND = YES;
				ENABLE_TESTABILITY = YES;
				ENABLE_USER_SCRIPT_SANDBOXING = YES;
				GCC_C_LANGUAGE_STANDARD = gnu17;
				GCC_DYNAMIC_NO_PIC = NO;
				GCC_NO_COMMON_BLOCKS = YES;
				GCC_OPTIMIZATION_LEVEL = 0;
				GCC_PREPROCESSOR_DEFINITIONS = (
					"DEBUG=1",
					"$(inherited)",
				);
				GCC_WARN_64_TO_32_BIT_CONVERSION = YES;
				GCC_WARN_ABOUT_RETURN_TYPE = YES_ERROR;
				GCC_WARN_UNDECLARED_SELECTOR = YES;
				GCC_WARN_UNINITIALIZED_AUTOS = YES_AGGRESSIVE;
				GCC_WARN_UNUSED_FUNCTION = YES;
				GCC_WARN_UNUSED_VARIABLE = YES;
				IPHONEOS_DEPLOYMENT_TARGET = 17.5;
				LOCALIZATION_PREFERS_STRING_CATALOGS = YES;
				MTL_ENABLE_DEBUG_INFO = INCLUDE_SOURCE;
				MTL_FAST_MATH = YES;
				ONLY_ACTIVE_ARCH = YES;
				SDKROOT = iphoneos;
				SWIFT_ACTIVE_COMPILATION_CONDITIONS = "DEBUG $(inherited)";
				SWIFT_OPTIMIZATION_LEVEL = "-Onone";
			};
			name = Debug;
		};
		6DE6CDFA2C7781640041D118 /* Release */ = {
			isa = XCBuildConfiguration;
			buildSettings = {
				ALWAYS_SEARCH_USER_PATHS = NO;
				ASSETCATALOG_COMPILER_GENERATE_SWIFT_ASSET_SYMBOL_EXTENSIONS = YES;
				CLANG_ANALYZER_NONNULL = YES;
				CLANG_ANALYZER_NUMBER_OBJECT_CONVERSION = YES_AGGRESSIVE;
				CLANG_CXX_LANGUAGE_STANDARD = "gnu++20";
				CLANG_ENABLE_MODULES = YES;
				CLANG_ENABLE_OBJC_ARC = YES;
				CLANG_ENABLE_OBJC_WEAK = YES;
				CLANG_WARN_BLOCK_CAPTURE_AUTORELEASING = YES;
				CLANG_WARN_BOOL_CONVERSION = YES;
				CLANG_WARN_COMMA = YES;
				CLANG_WARN_CONSTANT_CONVERSION = YES;
				CLANG_WARN_DEPRECATED_OBJC_IMPLEMENTATIONS = YES;
				CLANG_WARN_DIRECT_OBJC_ISA_USAGE = YES_ERROR;
				CLANG_WARN_DOCUMENTATION_COMMENTS = YES;
				CLANG_WARN_EMPTY_BODY = YES;
				CLANG_WARN_ENUM_CONVERSION = YES;
				CLANG_WARN_INFINITE_RECURSION = YES;
				CLANG_WARN_INT_CONVERSION = YES;
				CLANG_WARN_NON_LITERAL_NULL_CONVERSION = YES;
				CLANG_WARN_OBJC_IMPLICIT_RETAIN_SELF = YES;
				CLANG_WARN_OBJC_LITERAL_CONVERSION = YES;
				CLANG_WARN_OBJC_ROOT_CLASS = YES_ERROR;
				CLANG_WARN_QUOTED_INCLUDE_IN_FRAMEWORK_HEADER = YES;
				CLANG_WARN_RANGE_LOOP_ANALYSIS = YES;
				CLANG_WARN_STRICT_PROTOTYPES = YES;
				CLANG_WARN_SUSPICIOUS_MOVE = YES;
				CLANG_WARN_UNGUARDED_AVAILABILITY = YES_AGGRESSIVE;
				CLANG_WARN_UNREACHABLE_CODE = YES;
				CLANG_WARN__DUPLICATE_METHOD_MATCH = YES;
				COPY_PHASE_STRIP = NO;
				DEBUG_INFORMATION_FORMAT = "dwarf-with-dsym";
				ENABLE_NS_ASSERTIONS = NO;
				ENABLE_STRICT_OBJC_MSGSEND = YES;
				ENABLE_USER_SCRIPT_SANDBOXING = YES;
				GCC_C_LANGUAGE_STANDARD = gnu17;
				GCC_NO_COMMON_BLOCKS = YES;
				GCC_WARN_64_TO_32_BIT_CONVERSION = YES;
				GCC_WARN_ABOUT_RETURN_TYPE = YES_ERROR;
				GCC_WARN_UNDECLARED_SELECTOR = YES;
				GCC_WARN_UNINITIALIZED_AUTOS = YES_AGGRESSIVE;
				GCC_WARN_UNUSED_FUNCTION = YES;
				GCC_WARN_UNUSED_VARIABLE = YES;
				IPHONEOS_DEPLOYMENT_TARGET = 17.5;
				LOCALIZATION_PREFERS_STRING_CATALOGS = YES;
				MTL_ENABLE_DEBUG_INFO = NO;
				MTL_FAST_MATH = YES;
				SDKROOT = iphoneos;
				SWIFT_COMPILATION_MODE = wholemodule;
				VALIDATE_PRODUCT = YES;
			};
			name = Release;
		};
		6DE6CDFC2C7781640041D118 /* Debug */ = {
			isa = XCBuildConfiguration;
			baseConfigurationReference = 3F12851CAECAB20F1CB82C0D /* Pods-RegulaDemoApp.debug.xcconfig */;
			buildSettings = {
				ASSETCATALOG_COMPILER_APPICON_NAME = AppIcon;
				ASSETCATALOG_COMPILER_GLOBAL_ACCENT_COLOR_NAME = AccentColor;
				CODE_SIGN_STYLE = Automatic;
				CURRENT_PROJECT_VERSION = 1;
				DEVELOPMENT_TEAM = HV8M6XNBT9;
				ENABLE_USER_SCRIPT_SANDBOXING = NO;
				GENERATE_INFOPLIST_FILE = YES;
				INFOPLIST_FILE = RegulaDemoApp/Info.plist;
				INFOPLIST_KEY_NSCameraUsageDescription = "Permission required to take a picture of identification documents";
				INFOPLIST_KEY_UIApplicationSupportsIndirectInputEvents = YES;
				INFOPLIST_KEY_UILaunchStoryboardName = LaunchScreen.storyboard;
				INFOPLIST_KEY_UIMainStoryboardFile = "";
				INFOPLIST_KEY_UISupportedInterfaceOrientations_iPad = "UIInterfaceOrientationPortrait UIInterfaceOrientationPortraitUpsideDown UIInterfaceOrientationLandscapeLeft UIInterfaceOrientationLandscapeRight";
				INFOPLIST_KEY_UISupportedInterfaceOrientations_iPhone = "UIInterfaceOrientationPortrait UIInterfaceOrientationLandscapeLeft UIInterfaceOrientationLandscapeRight";
				LD_RUNPATH_SEARCH_PATHS = (
					"$(inherited)",
					"@executable_path/Frameworks",
				);
				MARKETING_VERSION = 1.0;
				PRODUCT_BUNDLE_IDENTIFIER = me.florian.hardy.RegulaDemoApp;
				PRODUCT_NAME = "$(TARGET_NAME)";
				SWIFT_EMIT_LOC_STRINGS = YES;
				SWIFT_VERSION = 5.0;
				TARGETED_DEVICE_FAMILY = "1,2";
			};
			name = Debug;
		};
		6DE6CDFD2C7781640041D118 /* Release */ = {
			isa = XCBuildConfiguration;
			baseConfigurationReference = F911EFE3E315B5FAD0C2FCAB /* Pods-RegulaDemoApp.release.xcconfig */;
			buildSettings = {
				ASSETCATALOG_COMPILER_APPICON_NAME = AppIcon;
				ASSETCATALOG_COMPILER_GLOBAL_ACCENT_COLOR_NAME = AccentColor;
				CODE_SIGN_STYLE = Automatic;
				CURRENT_PROJECT_VERSION = 1;
				DEVELOPMENT_TEAM = HV8M6XNBT9;
				ENABLE_USER_SCRIPT_SANDBOXING = NO;
				GENERATE_INFOPLIST_FILE = YES;
				INFOPLIST_FILE = RegulaDemoApp/Info.plist;
				INFOPLIST_KEY_NSCameraUsageDescription = "Permission required to take a picture of identification documents";
				INFOPLIST_KEY_UIApplicationSupportsIndirectInputEvents = YES;
				INFOPLIST_KEY_UILaunchStoryboardName = LaunchScreen.storyboard;
				INFOPLIST_KEY_UIMainStoryboardFile = "";
				INFOPLIST_KEY_UISupportedInterfaceOrientations_iPad = "UIInterfaceOrientationPortrait UIInterfaceOrientationPortraitUpsideDown UIInterfaceOrientationLandscapeLeft UIInterfaceOrientationLandscapeRight";
				INFOPLIST_KEY_UISupportedInterfaceOrientations_iPhone = "UIInterfaceOrientationPortrait UIInterfaceOrientationLandscapeLeft UIInterfaceOrientationLandscapeRight";
				LD_RUNPATH_SEARCH_PATHS = (
					"$(inherited)",
					"@executable_path/Frameworks",
				);
				MARKETING_VERSION = 1.0;
				PRODUCT_BUNDLE_IDENTIFIER = me.florian.hardy.RegulaDemoApp;
				PRODUCT_NAME = "$(TARGET_NAME)";
				SWIFT_EMIT_LOC_STRINGS = YES;
				SWIFT_VERSION = 5.0;
				TARGETED_DEVICE_FAMILY = "1,2";
			};
			name = Release;
		};
		6DE6CE6E2C77844E0041D118 /* Debug */ = {
			isa = XCBuildConfiguration;
			baseConfigurationReference = 8F10690835A97C401C075F8B /* Pods-RegulaDemoFramework.debug.xcconfig */;
			buildSettings = {
				BUILD_LIBRARY_FOR_DISTRIBUTION = YES;
				CLANG_ENABLE_MODULES = YES;
				CODE_SIGN_STYLE = Automatic;
				CURRENT_PROJECT_VERSION = 1;
				DEFINES_MODULE = YES;
				DEVELOPMENT_TEAM = HV8M6XNBT9;
				DYLIB_COMPATIBILITY_VERSION = 1;
				DYLIB_CURRENT_VERSION = 1;
				DYLIB_INSTALL_NAME_BASE = "@rpath";
				ENABLE_MODULE_VERIFIER = YES;
				GENERATE_INFOPLIST_FILE = YES;
				INFOPLIST_KEY_NSCameraUsageDescription = "Permission required to take a picture of identification documents";
				INFOPLIST_KEY_NSHumanReadableCopyright = "";
				INSTALL_PATH = "$(LOCAL_LIBRARY_DIR)/Frameworks";
				LD_RUNPATH_SEARCH_PATHS = (
					"$(inherited)",
					"@executable_path/Frameworks",
					"@loader_path/Frameworks",
				);
				MARKETING_VERSION = 1.0;
				MODULE_VERIFIER_SUPPORTED_LANGUAGES = "objective-c objective-c++";
				MODULE_VERIFIER_SUPPORTED_LANGUAGE_STANDARDS = "gnu17 gnu++20";
				PRODUCT_BUNDLE_IDENTIFIER = me.florian.hardy.RegulaDemoFramework;
				PRODUCT_NAME = "$(TARGET_NAME:c99extidentifier)";
				SKIP_INSTALL = YES;
				SWIFT_EMIT_LOC_STRINGS = YES;
				SWIFT_INSTALL_OBJC_HEADER = NO;
				SWIFT_OPTIMIZATION_LEVEL = "-Onone";
				SWIFT_VERSION = 5.0;
				TARGETED_DEVICE_FAMILY = "1,2";
				VERSIONING_SYSTEM = "apple-generic";
				VERSION_INFO_PREFIX = "";
			};
			name = Debug;
		};
		6DE6CE6F2C77844E0041D118 /* Release */ = {
			isa = XCBuildConfiguration;
			baseConfigurationReference = A156A212873C4307A19F0622 /* Pods-RegulaDemoFramework.release.xcconfig */;
			buildSettings = {
				BUILD_LIBRARY_FOR_DISTRIBUTION = YES;
				CLANG_ENABLE_MODULES = YES;
				CODE_SIGN_STYLE = Automatic;
				CURRENT_PROJECT_VERSION = 1;
				DEFINES_MODULE = YES;
				DEVELOPMENT_TEAM = HV8M6XNBT9;
				DYLIB_COMPATIBILITY_VERSION = 1;
				DYLIB_CURRENT_VERSION = 1;
				DYLIB_INSTALL_NAME_BASE = "@rpath";
				ENABLE_MODULE_VERIFIER = YES;
				GENERATE_INFOPLIST_FILE = YES;
				INFOPLIST_KEY_NSCameraUsageDescription = "Permission required to take a picture of identification documents";
				INFOPLIST_KEY_NSHumanReadableCopyright = "";
				INSTALL_PATH = "$(LOCAL_LIBRARY_DIR)/Frameworks";
				LD_RUNPATH_SEARCH_PATHS = (
					"$(inherited)",
					"@executable_path/Frameworks",
					"@loader_path/Frameworks",
				);
				MARKETING_VERSION = 1.0;
				MODULE_VERIFIER_SUPPORTED_LANGUAGES = "objective-c objective-c++";
				MODULE_VERIFIER_SUPPORTED_LANGUAGE_STANDARDS = "gnu17 gnu++20";
				PRODUCT_BUNDLE_IDENTIFIER = me.florian.hardy.RegulaDemoFramework;
				PRODUCT_NAME = "$(TARGET_NAME:c99extidentifier)";
				SKIP_INSTALL = YES;
				SWIFT_EMIT_LOC_STRINGS = YES;
				SWIFT_INSTALL_OBJC_HEADER = NO;
				SWIFT_VERSION = 5.0;
				TARGETED_DEVICE_FAMILY = "1,2";
				VERSIONING_SYSTEM = "apple-generic";
				VERSION_INFO_PREFIX = "";
			};
			name = Release;
		};
/* End XCBuildConfiguration section */

/* Begin XCConfigurationList section */
		6DE6CDCC2C7781630041D118 /* Build configuration list for PBXProject "RegulaDemoApp" */ = {
			isa = XCConfigurationList;
			buildConfigurations = (
				6DE6CDF92C7781640041D118 /* Debug */,
				6DE6CDFA2C7781640041D118 /* Release */,
			);
			defaultConfigurationIsVisible = 0;
			defaultConfigurationName = Release;
		};
		6DE6CDFB2C7781640041D118 /* Build configuration list for PBXNativeTarget "RegulaDemoApp" */ = {
			isa = XCConfigurationList;
			buildConfigurations = (
				6DE6CDFC2C7781640041D118 /* Debug */,
				6DE6CDFD2C7781640041D118 /* Release */,
			);
			defaultConfigurationIsVisible = 0;
			defaultConfigurationName = Release;
		};
		6DE6CE722C77844E0041D118 /* Build configuration list for PBXNativeTarget "RegulaDemoFramework" */ = {
			isa = XCConfigurationList;
			buildConfigurations = (
				6DE6CE6E2C77844E0041D118 /* Debug */,
				6DE6CE6F2C77844E0041D118 /* Release */,
			);
			defaultConfigurationIsVisible = 0;
			defaultConfigurationName = Release;
		};
/* End XCConfigurationList section */
	};
	rootObject = 6DE6CDC92C7781630041D118 /* Project object */;
}
